
Microsoft Visual Studio Solution File, Format Version 12.00
# Visual Studio 2012
Project("{FAE04EC0-301F-11D3-BF4B-00C04F79EFBC}") = "ReNet", "ReNet\ReNet.csproj", "{62812191-18E7-4542-A83C-E5BCDCED9036}"
EndProject
Project("{2150E333-8FDC-42A3-9474-1A3956D46DE8}") = "example", "example", "{8FADDF93-B765-4111-9C92-8B3D00FC5B03}"
EndProject
Project("{2150E333-8FDC-42A3-9474-1A3956D46DE8}") = "counter", "counter", "{783DA588-1648-4824-BEDC-95660527D78E}"
EndProject
Project("{FAE04EC0-301F-11D3-BF4B-00C04F79EFBC}") = "CounterExample", "example\counter\CounterExample\CounterExample.csproj", "{956E40AC-7978-42C4-BB16-9BAB4DC548AA}"
EndProject
Project("{FAE04EC0-301F-11D3-BF4B-00C04F79EFBC}") = "CounterExample.Droid", "example\counter\Droid\CounterExample.Droid.csproj", "{5E2FE31C-22D3-4A80-907A-FCF06CBE3B48}"
EndProject
Project("{FAE04EC0-301F-11D3-BF4B-00C04F79EFBC}") = "CounterExample.iOS", "example\counter\CounterExample.iOS\CounterExample.iOS.csproj", "{366B1EDD-ECC2-426F-9162-E148F3B54B81}"
EndProject
Global
	GlobalSection(SolutionConfigurationPlatforms) = preSolution
		Debug|Any CPU = Debug|Any CPU
		Release|Any CPU = Release|Any CPU
		Debug|iPhoneSimulator = Debug|iPhoneSimulator
		Release|iPhone = Release|iPhone
		Release|iPhoneSimulator = Release|iPhoneSimulator
		Debug|iPhone = Debug|iPhone
	EndGlobalSection
	GlobalSection(ProjectConfigurationPlatforms) = postSolution
		{62812191-18E7-4542-A83C-E5BCDCED9036}.Debug|Any CPU.ActiveCfg = Debug|Any CPU
		{62812191-18E7-4542-A83C-E5BCDCED9036}.Debug|Any CPU.Build.0 = Debug|Any CPU
		{62812191-18E7-4542-A83C-E5BCDCED9036}.Release|Any CPU.ActiveCfg = Release|Any CPU
		{62812191-18E7-4542-A83C-E5BCDCED9036}.Release|Any CPU.Build.0 = Release|Any CPU
		{62812191-18E7-4542-A83C-E5BCDCED9036}.Debug|iPhoneSimulator.ActiveCfg = Debug|Any CPU
		{62812191-18E7-4542-A83C-E5BCDCED9036}.Debug|iPhoneSimulator.Build.0 = Debug|Any CPU
		{62812191-18E7-4542-A83C-E5BCDCED9036}.Release|iPhone.ActiveCfg = Release|Any CPU
		{62812191-18E7-4542-A83C-E5BCDCED9036}.Release|iPhone.Build.0 = Release|Any CPU
		{62812191-18E7-4542-A83C-E5BCDCED9036}.Release|iPhoneSimulator.ActiveCfg = Release|Any CPU
		{62812191-18E7-4542-A83C-E5BCDCED9036}.Release|iPhoneSimulator.Build.0 = Release|Any CPU
		{62812191-18E7-4542-A83C-E5BCDCED9036}.Debug|iPhone.ActiveCfg = Debug|Any CPU
		{62812191-18E7-4542-A83C-E5BCDCED9036}.Debug|iPhone.Build.0 = Debug|Any CPU
		{956E40AC-7978-42C4-BB16-9BAB4DC548AA}.Debug|Any CPU.ActiveCfg = Debug|Any CPU
		{956E40AC-7978-42C4-BB16-9BAB4DC548AA}.Debug|Any CPU.Build.0 = Debug|Any CPU
		{956E40AC-7978-42C4-BB16-9BAB4DC548AA}.Release|Any CPU.ActiveCfg = Release|Any CPU
		{956E40AC-7978-42C4-BB16-9BAB4DC548AA}.Release|Any CPU.Build.0 = Release|Any CPU
		{956E40AC-7978-42C4-BB16-9BAB4DC548AA}.Debug|iPhoneSimulator.ActiveCfg = Debug|Any CPU
		{956E40AC-7978-42C4-BB16-9BAB4DC548AA}.Debug|iPhoneSimulator.Build.0 = Debug|Any CPU
		{956E40AC-7978-42C4-BB16-9BAB4DC548AA}.Release|iPhone.ActiveCfg = Release|Any CPU
		{956E40AC-7978-42C4-BB16-9BAB4DC548AA}.Release|iPhone.Build.0 = Release|Any CPU
		{956E40AC-7978-42C4-BB16-9BAB4DC548AA}.Release|iPhoneSimulator.ActiveCfg = Release|Any CPU
		{956E40AC-7978-42C4-BB16-9BAB4DC548AA}.Release|iPhoneSimulator.Build.0 = Release|Any CPU
		{956E40AC-7978-42C4-BB16-9BAB4DC548AA}.Debug|iPhone.ActiveCfg = Debug|Any CPU
		{956E40AC-7978-42C4-BB16-9BAB4DC548AA}.Debug|iPhone.Build.0 = Debug|Any CPU
		{5E2FE31C-22D3-4A80-907A-FCF06CBE3B48}.Debug|Any CPU.ActiveCfg = Debug|Any CPU
		{5E2FE31C-22D3-4A80-907A-FCF06CBE3B48}.Debug|Any CPU.Build.0 = Debug|Any CPU
		{5E2FE31C-22D3-4A80-907A-FCF06CBE3B48}.Release|Any CPU.ActiveCfg = Release|Any CPU
		{5E2FE31C-22D3-4A80-907A-FCF06CBE3B48}.Release|Any CPU.Build.0 = Release|Any CPU
		{5E2FE31C-22D3-4A80-907A-FCF06CBE3B48}.Debug|iPhoneSimulator.ActiveCfg = Debug|Any CPU
		{5E2FE31C-22D3-4A80-907A-FCF06CBE3B48}.Debug|iPhoneSimulator.Build.0 = Debug|Any CPU
		{5E2FE31C-22D3-4A80-907A-FCF06CBE3B48}.Release|iPhone.ActiveCfg = Release|Any CPU
		{5E2FE31C-22D3-4A80-907A-FCF06CBE3B48}.Release|iPhone.Build.0 = Release|Any CPU
		{5E2FE31C-22D3-4A80-907A-FCF06CBE3B48}.Release|iPhoneSimulator.ActiveCfg = Release|Any CPU
		{5E2FE31C-22D3-4A80-907A-FCF06CBE3B48}.Release|iPhoneSimulator.Build.0 = Release|Any CPU
		{5E2FE31C-22D3-4A80-907A-FCF06CBE3B48}.Debug|iPhone.ActiveCfg = Debug|Any CPU
		{5E2FE31C-22D3-4A80-907A-FCF06CBE3B48}.Debug|iPhone.Build.0 = Debug|Any CPU
		{366B1EDD-ECC2-426F-9162-E148F3B54B81}.Debug|Any CPU.ActiveCfg = Debug|iPhoneSimulator
		{366B1EDD-ECC2-426F-9162-E148F3B54B81}.Debug|Any CPU.Build.0 = Debug|iPhoneSimulator
		{366B1EDD-ECC2-426F-9162-E148F3B54B81}.Release|Any CPU.ActiveCfg = Release|iPhone
		{366B1EDD-ECC2-426F-9162-E148F3B54B81}.Release|Any CPU.Build.0 = Release|iPhone
		{366B1EDD-ECC2-426F-9162-E148F3B54B81}.Debug|iPhoneSimulator.ActiveCfg = Debug|iPhoneSimulator
		{366B1EDD-ECC2-426F-9162-E148F3B54B81}.Debug|iPhoneSimulator.Build.0 = Debug|iPhoneSimulator
		{366B1EDD-ECC2-426F-9162-E148F3B54B81}.Release|iPhone.ActiveCfg = Release|iPhone
		{366B1EDD-ECC2-426F-9162-E148F3B54B81}.Release|iPhone.Build.0 = Release|iPhone
		{366B1EDD-ECC2-426F-9162-E148F3B54B81}.Release|iPhoneSimulator.ActiveCfg = Release|iPhoneSimulator
		{366B1EDD-ECC2-426F-9162-E148F3B54B81}.Release|iPhoneSimulator.Build.0 = Release|iPhoneSimulator
		{366B1EDD-ECC2-426F-9162-E148F3B54B81}.Debug|iPhone.ActiveCfg = Debug|iPhone
		{366B1EDD-ECC2-426F-9162-E148F3B54B81}.Debug|iPhone.Build.0 = Debug|iPhone
	EndGlobalSection
	GlobalSection(NestedProjects) = preSolution
		{783DA588-1648-4824-BEDC-95660527D78E} = {8FADDF93-B765-4111-9C92-8B3D00FC5B03}
		{956E40AC-7978-42C4-BB16-9BAB4DC548AA} = {783DA588-1648-4824-BEDC-95660527D78E}
		{5E2FE31C-22D3-4A80-907A-FCF06CBE3B48} = {783DA588-1648-4824-BEDC-95660527D78E}
		{366B1EDD-ECC2-426F-9162-E148F3B54B81} = {783DA588-1648-4824-BEDC-95660527D78E}
	EndGlobalSection
EndGlobal
